
Microsoft Visual Studio Solution File, Format Version 12.00
# Visual Studio Version 17
VisualStudioVersion = 17.3.32811.315
MinimumVisualStudioVersion = 10.0.40219.1
Project("{FAE04EC0-301F-11D3-BF4B-00C04F79EFBC}") = "OrganizingApp", "OrganizingApp.csproj", "{753FF08F-5308-4E2B-BA52-BCF57AA743D5}"
EndProject
Global
	GlobalSection(SolutionConfigurationPlatforms) = preSolution
		Debug|Any CPU = Debug|Any CPU
		Release|Any CPU = Release|Any CPU
	EndGlobalSection
	GlobalSection(ProjectConfigurationPlatforms) = postSolution
		{753FF08F-5308-4E2B-BA52-BCF57AA743D5}.Debug|Any CPU.ActiveCfg = Debug|Any CPU
		{753FF08F-5308-4E2B-BA52-BCF57AA743D5}.Debug|Any CPU.Build.0 = Debug|Any CPU
		{753FF08F-5308-4E2B-BA52-BCF57AA743D5}.Release|Any CPU.ActiveCfg = Release|Any CPU
		{753FF08F-5308-4E2B-BA52-BCF57AA743D5}.Release|Any CPU.Build.0 = Release|Any CPU
	EndGlobalSection
	GlobalSection(SolutionProperties) = preSolution
		HideSolutionNode = FALSE
	EndGlobalSection
	GlobalSection(ExtensibilityGlobals) = postSolution
		SolutionGuid = {B0828A02-6F33-472C-AAC0-2D53FC829C57}
	EndGlobalSection
EndGlobal
